<?xml version="1.0" encoding="UTF-8"?>
<!DOCTYPE plist PUBLIC "-//Apple//DTD PLIST 1.0//EN" "http://www.apple.com/DTDs/PropertyList-1.0.dtd">
<plist version="1.0">
<dict>
	<key>archiveVersion</key>
	<string>1</string>
	<key>classes</key>
	<dict/>
	<key>objectVersion</key>
	<string>46</string>
	<key>objects</key>
	<dict>
		<key>06100C2A9ECBD24433E89703</key>
		<dict>
			<key>buildActionMask</key>
			<string>2147483647</string>
			<key>files</key>
			<array/>
			<key>inputPaths</key>
			<array/>
			<key>isa</key>
			<string>PBXShellScriptBuildPhase</string>
			<key>name</key>
			<string>[CP] Copy Pods Resources</string>
			<key>outputPaths</key>
			<array/>
			<key>runOnlyForDeploymentPostprocessing</key>
			<string>0</string>
			<key>shellPath</key>
			<string>/bin/sh</string>
			<key>shellScript</key>
			<string>"${SRCROOT}/Pods/Target Support Files/Pods-ViewModelTestingDemo/Pods-ViewModelTestingDemo-resources.sh"
</string>
			<key>showEnvVarsInLog</key>
			<string>0</string>
		</dict>
		<key>07AB41901DC1103F0062B4A4</key>
		<dict>
			<key>fileEncoding</key>
			<string>4</string>
			<key>isa</key>
			<string>PBXFileReference</string>
			<key>lastKnownFileType</key>
			<string>sourcecode.swift</string>
			<key>path</key>
			<string>NetworkingLayer.swift</string>
			<key>sourceTree</key>
			<string>&lt;group&gt;</string>
		</dict>
		<key>07AB41911DC1103F0062B4A4</key>
		<dict>
			<key>fileRef</key>
			<string>07AB41901DC1103F0062B4A4</string>
			<key>isa</key>
			<string>PBXBuildFile</string>
		</dict>
		<key>07AB41921DC1149C0062B4A4</key>
		<dict>
			<key>fileEncoding</key>
			<string>4</string>
			<key>isa</key>
			<string>PBXFileReference</string>
			<key>lastKnownFileType</key>
			<string>sourcecode.swift</string>
			<key>path</key>
			<string>Album.swift</string>
			<key>sourceTree</key>
			<string>&lt;group&gt;</string>
		</dict>
		<key>07AB41931DC1149C0062B4A4</key>
		<dict>
			<key>fileRef</key>
			<string>07AB41921DC1149C0062B4A4</string>
			<key>isa</key>
			<string>PBXBuildFile</string>
		</dict>
		<key>07AB41941DC116E90062B4A4</key>
		<dict>
			<key>fileEncoding</key>
			<string>4</string>
			<key>isa</key>
			<string>PBXFileReference</string>
			<key>lastKnownFileType</key>
			<string>sourcecode.swift</string>
			<key>path</key>
			<string>AlbumSearchResultTableViewCell.swift</string>
			<key>sourceTree</key>
			<string>&lt;group&gt;</string>
		</dict>
		<key>07AB41951DC116E90062B4A4</key>
		<dict>
			<key>fileRef</key>
			<string>07AB41941DC116E90062B4A4</string>
			<key>isa</key>
			<string>PBXBuildFile</string>
		</dict>
		<key>07EBF2941DC03EA300B8092A</key>
		<dict>
			<key>children</key>
			<array>
				<string>07EBF29F1DC03EA300B8092A</string>
				<string>07EBF2B41DC03EA300B8092A</string>
				<string>07EBF2BF1DC03EA300B8092A</string>
				<string>07EBF29E1DC03EA300B8092A</string>
				<string>BBA67D5AD29D88D8BE31FE58</string>
				<string>8B7B1694963F04704B3D775A</string>
			</array>
			<key>isa</key>
			<string>PBXGroup</string>
			<key>sourceTree</key>
			<string>&lt;group&gt;</string>
		</dict>
		<key>07EBF2951DC03EA300B8092A</key>
		<dict>
			<key>attributes</key>
			<dict>
				<key>LastSwiftUpdateCheck</key>
				<string>0800</string>
				<key>LastUpgradeCheck</key>
				<string>0800</string>
				<key>ORGANIZATIONNAME</key>
				<string>Bryan Weber</string>
				<key>TargetAttributes</key>
				<dict>
					<key>07EBF29C1DC03EA300B8092A</key>
					<dict>
						<key>CreatedOnToolsVersion</key>
						<string>8.0</string>
						<key>DevelopmentTeam</key>
						<string>THP5EV5EJ9</string>
						<key>ProvisioningStyle</key>
						<string>Automatic</string>
					</dict>
					<key>07EBF2B01DC03EA300B8092A</key>
					<dict>
						<key>CreatedOnToolsVersion</key>
						<string>8.0</string>
						<key>DevelopmentTeam</key>
						<string>THP5EV5EJ9</string>
						<key>ProvisioningStyle</key>
						<string>Automatic</string>
						<key>TestTargetID</key>
						<string>07EBF29C1DC03EA300B8092A</string>
					</dict>
					<key>07EBF2BB1DC03EA300B8092A</key>
					<dict>
						<key>CreatedOnToolsVersion</key>
						<string>8.0</string>
						<key>DevelopmentTeam</key>
						<string>THP5EV5EJ9</string>
						<key>ProvisioningStyle</key>
						<string>Automatic</string>
						<key>TestTargetID</key>
						<string>07EBF29C1DC03EA300B8092A</string>
					</dict>
				</dict>
			</dict>
			<key>buildConfigurationList</key>
			<string>07EBF2981DC03EA300B8092A</string>
			<key>compatibilityVersion</key>
			<string>Xcode 3.2</string>
			<key>developmentRegion</key>
			<string>English</string>
			<key>hasScannedForEncodings</key>
			<string>0</string>
			<key>isa</key>
			<string>PBXProject</string>
			<key>knownRegions</key>
			<array>
				<string>en</string>
				<string>Base</string>
			</array>
			<key>mainGroup</key>
			<string>07EBF2941DC03EA300B8092A</string>
			<key>productRefGroup</key>
			<string>07EBF29E1DC03EA300B8092A</string>
			<key>projectDirPath</key>
			<string></string>
			<key>projectReferences</key>
			<array/>
			<key>projectRoot</key>
			<string></string>
			<key>targets</key>
			<array>
				<string>07EBF29C1DC03EA300B8092A</string>
				<string>07EBF2B01DC03EA300B8092A</string>
				<string>07EBF2BB1DC03EA300B8092A</string>
			</array>
		</dict>
		<key>07EBF2981DC03EA300B8092A</key>
		<dict>
			<key>buildConfigurations</key>
			<array>
				<string>07EBF2C31DC03EA300B8092A</string>
				<string>07EBF2C41DC03EA300B8092A</string>
			</array>
			<key>defaultConfigurationIsVisible</key>
			<string>0</string>
			<key>defaultConfigurationName</key>
			<string>Release</string>
			<key>isa</key>
			<string>XCConfigurationList</string>
		</dict>
		<key>07EBF2991DC03EA300B8092A</key>
		<dict>
			<key>buildActionMask</key>
			<string>2147483647</string>
			<key>files</key>
			<array>
				<string>07EBF2CF1DC03F0300B8092A</string>
				<string>07AB41911DC1103F0062B4A4</string>
				<string>07EBF2A31DC03EA300B8092A</string>
				<string>07EBF2A11DC03EA300B8092A</string>
				<string>07AB41951DC116E90062B4A4</string>
				<string>07AB41931DC1149C0062B4A4</string>
			</array>
			<key>isa</key>
			<string>PBXSourcesBuildPhase</string>
			<key>runOnlyForDeploymentPostprocessing</key>
			<string>0</string>
		</dict>
		<key>07EBF29A1DC03EA300B8092A</key>
		<dict>
			<key>buildActionMask</key>
			<string>2147483647</string>
			<key>files</key>
			<array>
				<string>404772DC7930743A0108FDF5</string>
			</array>
			<key>isa</key>
			<string>PBXFrameworksBuildPhase</string>
			<key>runOnlyForDeploymentPostprocessing</key>
			<string>0</string>
		</dict>
		<key>07EBF29B1DC03EA300B8092A</key>
		<dict>
			<key>buildActionMask</key>
			<string>2147483647</string>
			<key>files</key>
			<array>
				<string>07EBF2AB1DC03EA300B8092A</string>
				<string>07EBF2A81DC03EA300B8092A</string>
				<string>07EBF2A61DC03EA300B8092A</string>
			</array>
			<key>isa</key>
			<string>PBXResourcesBuildPhase</string>
			<key>runOnlyForDeploymentPostprocessing</key>
			<string>0</string>
		</dict>
		<key>07EBF29C1DC03EA300B8092A</key>
		<dict>
			<key>buildConfigurationList</key>
			<string>07EBF2C51DC03EA300B8092A</string>
			<key>buildPhases</key>
			<array>
				<string>1C9F3E532E00B711E7718594</string>
				<string>07EBF2991DC03EA300B8092A</string>
				<string>07EBF29A1DC03EA300B8092A</string>
				<string>07EBF29B1DC03EA300B8092A</string>
				<string>BC2B24BB0007C9566C6A1310</string>
				<string>06100C2A9ECBD24433E89703</string>
			</array>
			<key>buildRules</key>
			<array/>
			<key>dependencies</key>
			<array/>
			<key>isa</key>
			<string>PBXNativeTarget</string>
			<key>name</key>
			<string>ViewModelTestingDemo</string>
			<key>productName</key>
			<string>ViewModelTestingDemo</string>
			<key>productReference</key>
			<string>07EBF29D1DC03EA300B8092A</string>
			<key>productType</key>
			<string>com.apple.product-type.application</string>
		</dict>
		<key>07EBF29D1DC03EA300B8092A</key>
		<dict>
			<key>explicitFileType</key>
			<string>wrapper.application</string>
			<key>includeInIndex</key>
			<string>0</string>
			<key>isa</key>
			<string>PBXFileReference</string>
			<key>path</key>
			<string>ViewModelTestingDemo.app</string>
			<key>sourceTree</key>
			<string>BUILT_PRODUCTS_DIR</string>
		</dict>
		<key>07EBF29E1DC03EA300B8092A</key>
		<dict>
			<key>children</key>
			<array>
				<string>07EBF29D1DC03EA300B8092A</string>
				<string>07EBF2B11DC03EA300B8092A</string>
				<string>07EBF2BC1DC03EA300B8092A</string>
			</array>
			<key>isa</key>
			<string>PBXGroup</string>
			<key>name</key>
			<string>Products</string>
			<key>sourceTree</key>
			<string>&lt;group&gt;</string>
		</dict>
		<key>07EBF29F1DC03EA300B8092A</key>
		<dict>
			<key>children</key>
			<array>
				<string>07EBF2A01DC03EA300B8092A</string>
				<string>07EBF2A21DC03EA300B8092A</string>
				<string>07EBF2CE1DC03F0300B8092A</string>
				<string>07EBF2A41DC03EA300B8092A</string>
				<string>07EBF2A71DC03EA300B8092A</string>
				<string>07EBF2A91DC03EA300B8092A</string>
				<string>07EBF2AC1DC03EA300B8092A</string>
				<string>07AB41901DC1103F0062B4A4</string>
				<string>07AB41921DC1149C0062B4A4</string>
				<string>07AB41941DC116E90062B4A4</string>
			</array>
			<key>isa</key>
			<string>PBXGroup</string>
			<key>path</key>
			<string>ViewModelTestingDemo</string>
			<key>sourceTree</key>
			<string>&lt;group&gt;</string>
		</dict>
		<key>07EBF2A01DC03EA300B8092A</key>
		<dict>
			<key>isa</key>
			<string>PBXFileReference</string>
			<key>lastKnownFileType</key>
			<string>sourcecode.swift</string>
			<key>path</key>
			<string>AppDelegate.swift</string>
			<key>sourceTree</key>
			<string>&lt;group&gt;</string>
		</dict>
		<key>07EBF2A11DC03EA300B8092A</key>
		<dict>
			<key>fileRef</key>
			<string>07EBF2A01DC03EA300B8092A</string>
			<key>isa</key>
			<string>PBXBuildFile</string>
		</dict>
		<key>07EBF2A21DC03EA300B8092A</key>
		<dict>
			<key>isa</key>
			<string>PBXFileReference</string>
			<key>lastKnownFileType</key>
			<string>sourcecode.swift</string>
			<key>path</key>
			<string>ViewController.swift</string>
			<key>sourceTree</key>
			<string>&lt;group&gt;</string>
		</dict>
		<key>07EBF2A31DC03EA300B8092A</key>
		<dict>
			<key>fileRef</key>
			<string>07EBF2A21DC03EA300B8092A</string>
			<key>isa</key>
			<string>PBXBuildFile</string>
		</dict>
		<key>07EBF2A41DC03EA300B8092A</key>
		<dict>
			<key>children</key>
			<array>
				<string>07EBF2A51DC03EA300B8092A</string>
			</array>
			<key>isa</key>
			<string>PBXVariantGroup</string>
			<key>name</key>
			<string>Main.storyboard</string>
			<key>sourceTree</key>
			<string>&lt;group&gt;</string>
		</dict>
		<key>07EBF2A51DC03EA300B8092A</key>
		<dict>
			<key>isa</key>
			<string>PBXFileReference</string>
			<key>lastKnownFileType</key>
			<string>file.storyboard</string>
			<key>name</key>
			<string>Base</string>
			<key>path</key>
			<string>Base.lproj/Main.storyboard</string>
			<key>sourceTree</key>
			<string>&lt;group&gt;</string>
		</dict>
		<key>07EBF2A61DC03EA300B8092A</key>
		<dict>
			<key>fileRef</key>
			<string>07EBF2A41DC03EA300B8092A</string>
			<key>isa</key>
			<string>PBXBuildFile</string>
		</dict>
		<key>07EBF2A71DC03EA300B8092A</key>
		<dict>
			<key>isa</key>
			<string>PBXFileReference</string>
			<key>lastKnownFileType</key>
			<string>folder.assetcatalog</string>
			<key>path</key>
			<string>Assets.xcassets</string>
			<key>sourceTree</key>
			<string>&lt;group&gt;</string>
		</dict>
		<key>07EBF2A81DC03EA300B8092A</key>
		<dict>
			<key>fileRef</key>
			<string>07EBF2A71DC03EA300B8092A</string>
			<key>isa</key>
			<string>PBXBuildFile</string>
		</dict>
		<key>07EBF2A91DC03EA300B8092A</key>
		<dict>
			<key>children</key>
			<array>
				<string>07EBF2AA1DC03EA300B8092A</string>
			</array>
			<key>isa</key>
			<string>PBXVariantGroup</string>
			<key>name</key>
			<string>LaunchScreen.storyboard</string>
			<key>sourceTree</key>
			<string>&lt;group&gt;</string>
		</dict>
		<key>07EBF2AA1DC03EA300B8092A</key>
		<dict>
			<key>isa</key>
			<string>PBXFileReference</string>
			<key>lastKnownFileType</key>
			<string>file.storyboard</string>
			<key>name</key>
			<string>Base</string>
			<key>path</key>
			<string>Base.lproj/LaunchScreen.storyboard</string>
			<key>sourceTree</key>
			<string>&lt;group&gt;</string>
		</dict>
		<key>07EBF2AB1DC03EA300B8092A</key>
		<dict>
			<key>fileRef</key>
			<string>07EBF2A91DC03EA300B8092A</string>
			<key>isa</key>
			<string>PBXBuildFile</string>
		</dict>
		<key>07EBF2AC1DC03EA300B8092A</key>
		<dict>
			<key>isa</key>
			<string>PBXFileReference</string>
			<key>lastKnownFileType</key>
			<string>text.plist.xml</string>
			<key>path</key>
			<string>Info.plist</string>
			<key>sourceTree</key>
			<string>&lt;group&gt;</string>
		</dict>
		<key>07EBF2AD1DC03EA300B8092A</key>
		<dict>
			<key>buildActionMask</key>
			<string>2147483647</string>
			<key>files</key>
			<array>
				<string>07EBF2B61DC03EA300B8092A</string>
			</array>
			<key>isa</key>
			<string>PBXSourcesBuildPhase</string>
			<key>runOnlyForDeploymentPostprocessing</key>
			<string>0</string>
		</dict>
		<key>07EBF2AE1DC03EA300B8092A</key>
		<dict>
			<key>buildActionMask</key>
			<string>2147483647</string>
			<key>files</key>
			<array/>
			<key>isa</key>
			<string>PBXFrameworksBuildPhase</string>
			<key>runOnlyForDeploymentPostprocessing</key>
			<string>0</string>
		</dict>
		<key>07EBF2AF1DC03EA300B8092A</key>
		<dict>
			<key>buildActionMask</key>
			<string>2147483647</string>
			<key>files</key>
			<array/>
			<key>isa</key>
			<string>PBXResourcesBuildPhase</string>
			<key>runOnlyForDeploymentPostprocessing</key>
			<string>0</string>
		</dict>
		<key>07EBF2B01DC03EA300B8092A</key>
		<dict>
			<key>buildConfigurationList</key>
			<string>07EBF2C81DC03EA300B8092A</string>
			<key>buildPhases</key>
			<array>
				<string>07EBF2AD1DC03EA300B8092A</string>
				<string>07EBF2AE1DC03EA300B8092A</string>
				<string>07EBF2AF1DC03EA300B8092A</string>
			</array>
			<key>buildRules</key>
			<array/>
			<key>dependencies</key>
			<array>
				<string>07EBF2B31DC03EA300B8092A</string>
			</array>
			<key>isa</key>
			<string>PBXNativeTarget</string>
			<key>name</key>
			<string>ViewModelTestingDemoTests</string>
			<key>productName</key>
			<string>ViewModelTestingDemoTests</string>
			<key>productReference</key>
			<string>07EBF2B11DC03EA300B8092A</string>
			<key>productType</key>
			<string>com.apple.product-type.bundle.unit-test</string>
		</dict>
		<key>07EBF2B11DC03EA300B8092A</key>
		<dict>
			<key>explicitFileType</key>
			<string>wrapper.cfbundle</string>
			<key>includeInIndex</key>
			<string>0</string>
			<key>isa</key>
			<string>PBXFileReference</string>
			<key>path</key>
			<string>ViewModelTestingDemoTests.xctest</string>
			<key>sourceTree</key>
			<string>BUILT_PRODUCTS_DIR</string>
		</dict>
		<key>07EBF2B21DC03EA300B8092A</key>
		<dict>
			<key>containerPortal</key>
			<string>07EBF2951DC03EA300B8092A</string>
			<key>isa</key>
			<string>PBXContainerItemProxy</string>
			<key>proxyType</key>
			<string>1</string>
			<key>remoteGlobalIDString</key>
			<string>07EBF29C1DC03EA300B8092A</string>
			<key>remoteInfo</key>
			<string>ViewModelTestingDemo</string>
		</dict>
		<key>07EBF2B31DC03EA300B8092A</key>
		<dict>
			<key>isa</key>
			<string>PBXTargetDependency</string>
			<key>target</key>
			<string>07EBF29C1DC03EA300B8092A</string>
			<key>targetProxy</key>
			<string>07EBF2B21DC03EA300B8092A</string>
		</dict>
		<key>07EBF2B41DC03EA300B8092A</key>
		<dict>
			<key>children</key>
			<array>
				<string>07EBF2B51DC03EA300B8092A</string>
				<string>07EBF2B71DC03EA300B8092A</string>
			</array>
			<key>isa</key>
			<string>PBXGroup</string>
			<key>path</key>
			<string>ViewModelTestingDemoTests</string>
			<key>sourceTree</key>
			<string>&lt;group&gt;</string>
		</dict>
		<key>07EBF2B51DC03EA300B8092A</key>
		<dict>
			<key>isa</key>
			<string>PBXFileReference</string>
			<key>lastKnownFileType</key>
			<string>sourcecode.swift</string>
			<key>path</key>
			<string>ViewModelTestingDemoTests.swift</string>
			<key>sourceTree</key>
			<string>&lt;group&gt;</string>
		</dict>
		<key>07EBF2B61DC03EA300B8092A</key>
		<dict>
			<key>fileRef</key>
			<string>07EBF2B51DC03EA300B8092A</string>
			<key>isa</key>
			<string>PBXBuildFile</string>
		</dict>
		<key>07EBF2B71DC03EA300B8092A</key>
		<dict>
			<key>isa</key>
			<string>PBXFileReference</string>
			<key>lastKnownFileType</key>
			<string>text.plist.xml</string>
			<key>path</key>
			<string>Info.plist</string>
			<key>sourceTree</key>
			<string>&lt;group&gt;</string>
		</dict>
		<key>07EBF2B81DC03EA300B8092A</key>
		<dict>
			<key>buildActionMask</key>
			<string>2147483647</string>
			<key>files</key>
			<array>
				<string>07EBF2C11DC03EA300B8092A</string>
			</array>
			<key>isa</key>
			<string>PBXSourcesBuildPhase</string>
			<key>runOnlyForDeploymentPostprocessing</key>
			<string>0</string>
		</dict>
		<key>07EBF2B91DC03EA300B8092A</key>
		<dict>
			<key>buildActionMask</key>
			<string>2147483647</string>
			<key>files</key>
			<array/>
			<key>isa</key>
			<string>PBXFrameworksBuildPhase</string>
			<key>runOnlyForDeploymentPostprocessing</key>
			<string>0</string>
		</dict>
		<key>07EBF2BA1DC03EA300B8092A</key>
		<dict>
			<key>buildActionMask</key>
			<string>2147483647</string>
			<key>files</key>
			<array/>
			<key>isa</key>
			<string>PBXResourcesBuildPhase</string>
			<key>runOnlyForDeploymentPostprocessing</key>
			<string>0</string>
		</dict>
		<key>07EBF2BB1DC03EA300B8092A</key>
		<dict>
			<key>buildConfigurationList</key>
			<string>07EBF2CB1DC03EA300B8092A</string>
			<key>buildPhases</key>
			<array>
				<string>07EBF2B81DC03EA300B8092A</string>
				<string>07EBF2B91DC03EA300B8092A</string>
				<string>07EBF2BA1DC03EA300B8092A</string>
			</array>
			<key>buildRules</key>
			<array/>
			<key>dependencies</key>
			<array>
				<string>07EBF2BE1DC03EA300B8092A</string>
			</array>
			<key>isa</key>
			<string>PBXNativeTarget</string>
			<key>name</key>
			<string>ViewModelTestingDemoUITests</string>
			<key>productName</key>
			<string>ViewModelTestingDemoUITests</string>
			<key>productReference</key>
			<string>07EBF2BC1DC03EA300B8092A</string>
			<key>productType</key>
			<string>com.apple.product-type.bundle.ui-testing</string>
		</dict>
		<key>07EBF2BC1DC03EA300B8092A</key>
		<dict>
			<key>explicitFileType</key>
			<string>wrapper.cfbundle</string>
			<key>includeInIndex</key>
			<string>0</string>
			<key>isa</key>
			<string>PBXFileReference</string>
			<key>path</key>
			<string>ViewModelTestingDemoUITests.xctest</string>
			<key>sourceTree</key>
			<string>BUILT_PRODUCTS_DIR</string>
		</dict>
		<key>07EBF2BD1DC03EA300B8092A</key>
		<dict>
			<key>containerPortal</key>
			<string>07EBF2951DC03EA300B8092A</string>
			<key>isa</key>
			<string>PBXContainerItemProxy</string>
			<key>proxyType</key>
			<string>1</string>
			<key>remoteGlobalIDString</key>
			<string>07EBF29C1DC03EA300B8092A</string>
			<key>remoteInfo</key>
			<string>ViewModelTestingDemo</string>
		</dict>
		<key>07EBF2BE1DC03EA300B8092A</key>
		<dict>
			<key>isa</key>
			<string>PBXTargetDependency</string>
			<key>target</key>
			<string>07EBF29C1DC03EA300B8092A</string>
			<key>targetProxy</key>
			<string>07EBF2BD1DC03EA300B8092A</string>
		</dict>
		<key>07EBF2BF1DC03EA300B8092A</key>
		<dict>
			<key>children</key>
			<array>
				<string>07EBF2C01DC03EA300B8092A</string>
				<string>07EBF2C21DC03EA300B8092A</string>
			</array>
			<key>isa</key>
			<string>PBXGroup</string>
			<key>path</key>
			<string>ViewModelTestingDemoUITests</string>
			<key>sourceTree</key>
			<string>&lt;group&gt;</string>
		</dict>
		<key>07EBF2C01DC03EA300B8092A</key>
		<dict>
			<key>isa</key>
			<string>PBXFileReference</string>
			<key>lastKnownFileType</key>
			<string>sourcecode.swift</string>
			<key>path</key>
			<string>ViewModelTestingDemoUITests.swift</string>
			<key>sourceTree</key>
			<string>&lt;group&gt;</string>
		</dict>
		<key>07EBF2C11DC03EA300B8092A</key>
		<dict>
			<key>fileRef</key>
			<string>07EBF2C01DC03EA300B8092A</string>
			<key>isa</key>
			<string>PBXBuildFile</string>
		</dict>
		<key>07EBF2C21DC03EA300B8092A</key>
		<dict>
			<key>isa</key>
			<string>PBXFileReference</string>
			<key>lastKnownFileType</key>
			<string>text.plist.xml</string>
			<key>path</key>
			<string>Info.plist</string>
			<key>sourceTree</key>
			<string>&lt;group&gt;</string>
		</dict>
		<key>07EBF2C31DC03EA300B8092A</key>
		<dict>
			<key>buildSettings</key>
			<dict>
				<key>ALWAYS_SEARCH_USER_PATHS</key>
				<string>NO</string>
				<key>CLANG_ANALYZER_NONNULL</key>
				<string>YES</string>
				<key>CLANG_CXX_LANGUAGE_STANDARD</key>
				<string>gnu++0x</string>
				<key>CLANG_CXX_LIBRARY</key>
				<string>libc++</string>
				<key>CLANG_ENABLE_MODULES</key>
				<string>YES</string>
				<key>CLANG_ENABLE_OBJC_ARC</key>
				<string>YES</string>
				<key>CLANG_WARN_BOOL_CONVERSION</key>
				<string>YES</string>
				<key>CLANG_WARN_CONSTANT_CONVERSION</key>
				<string>YES</string>
				<key>CLANG_WARN_DIRECT_OBJC_ISA_USAGE</key>
				<string>YES_ERROR</string>
				<key>CLANG_WARN_DOCUMENTATION_COMMENTS</key>
				<string>YES</string>
				<key>CLANG_WARN_EMPTY_BODY</key>
				<string>YES</string>
				<key>CLANG_WARN_ENUM_CONVERSION</key>
				<string>YES</string>
				<key>CLANG_WARN_INFINITE_RECURSION</key>
				<string>YES</string>
				<key>CLANG_WARN_INT_CONVERSION</key>
				<string>YES</string>
				<key>CLANG_WARN_OBJC_ROOT_CLASS</key>
				<string>YES_ERROR</string>
				<key>CLANG_WARN_SUSPICIOUS_MOVES</key>
				<string>YES</string>
				<key>CLANG_WARN_UNREACHABLE_CODE</key>
				<string>YES</string>
				<key>CLANG_WARN__DUPLICATE_METHOD_MATCH</key>
				<string>YES</string>
				<key>CODE_SIGN_IDENTITY[sdk=iphoneos*]</key>
				<string>iPhone Developer</string>
				<key>COPY_PHASE_STRIP</key>
				<string>NO</string>
				<key>DEBUG_INFORMATION_FORMAT</key>
				<string>dwarf</string>
				<key>ENABLE_STRICT_OBJC_MSGSEND</key>
				<string>YES</string>
				<key>ENABLE_TESTABILITY</key>
				<string>YES</string>
				<key>GCC_C_LANGUAGE_STANDARD</key>
				<string>gnu99</string>
				<key>GCC_DYNAMIC_NO_PIC</key>
				<string>NO</string>
				<key>GCC_NO_COMMON_BLOCKS</key>
				<string>YES</string>
				<key>GCC_OPTIMIZATION_LEVEL</key>
				<string>0</string>
				<key>GCC_PREPROCESSOR_DEFINITIONS</key>
				<array>
					<string>DEBUG=1</string>
					<string>$(inherited)</string>
				</array>
				<key>GCC_WARN_64_TO_32_BIT_CONVERSION</key>
				<string>YES</string>
				<key>GCC_WARN_ABOUT_RETURN_TYPE</key>
				<string>YES_ERROR</string>
				<key>GCC_WARN_UNDECLARED_SELECTOR</key>
				<string>YES</string>
				<key>GCC_WARN_UNINITIALIZED_AUTOS</key>
				<string>YES_AGGRESSIVE</string>
				<key>GCC_WARN_UNUSED_FUNCTION</key>
				<string>YES</string>
				<key>GCC_WARN_UNUSED_VARIABLE</key>
				<string>YES</string>
				<key>IPHONEOS_DEPLOYMENT_TARGET</key>
				<string>10.0</string>
				<key>MTL_ENABLE_DEBUG_INFO</key>
				<string>YES</string>
				<key>ONLY_ACTIVE_ARCH</key>
				<string>YES</string>
				<key>SDKROOT</key>
				<string>iphoneos</string>
				<key>SWIFT_ACTIVE_COMPILATION_CONDITIONS</key>
				<string>DEBUG</string>
				<key>SWIFT_OPTIMIZATION_LEVEL</key>
				<string>-Onone</string>
			</dict>
			<key>isa</key>
			<string>XCBuildConfiguration</string>
			<key>name</key>
			<string>Debug</string>
		</dict>
		<key>07EBF2C41DC03EA300B8092A</key>
		<dict>
			<key>buildSettings</key>
			<dict>
				<key>ALWAYS_SEARCH_USER_PATHS</key>
				<string>NO</string>
				<key>CLANG_ANALYZER_NONNULL</key>
				<string>YES</string>
				<key>CLANG_CXX_LANGUAGE_STANDARD</key>
				<string>gnu++0x</string>
				<key>CLANG_CXX_LIBRARY</key>
				<string>libc++</string>
				<key>CLANG_ENABLE_MODULES</key>
				<string>YES</string>
				<key>CLANG_ENABLE_OBJC_ARC</key>
				<string>YES</string>
				<key>CLANG_WARN_BOOL_CONVERSION</key>
				<string>YES</string>
				<key>CLANG_WARN_CONSTANT_CONVERSION</key>
				<string>YES</string>
				<key>CLANG_WARN_DIRECT_OBJC_ISA_USAGE</key>
				<string>YES_ERROR</string>
				<key>CLANG_WARN_DOCUMENTATION_COMMENTS</key>
				<string>YES</string>
				<key>CLANG_WARN_EMPTY_BODY</key>
				<string>YES</string>
				<key>CLANG_WARN_ENUM_CONVERSION</key>
				<string>YES</string>
				<key>CLANG_WARN_INFINITE_RECURSION</key>
				<string>YES</string>
				<key>CLANG_WARN_INT_CONVERSION</key>
				<string>YES</string>
				<key>CLANG_WARN_OBJC_ROOT_CLASS</key>
				<string>YES_ERROR</string>
				<key>CLANG_WARN_SUSPICIOUS_MOVES</key>
				<string>YES</string>
				<key>CLANG_WARN_UNREACHABLE_CODE</key>
				<string>YES</string>
				<key>CLANG_WARN__DUPLICATE_METHOD_MATCH</key>
				<string>YES</string>
				<key>CODE_SIGN_IDENTITY[sdk=iphoneos*]</key>
				<string>iPhone Developer</string>
				<key>COPY_PHASE_STRIP</key>
				<string>NO</string>
				<key>DEBUG_INFORMATION_FORMAT</key>
				<string>dwarf-with-dsym</string>
				<key>ENABLE_NS_ASSERTIONS</key>
				<string>NO</string>
				<key>ENABLE_STRICT_OBJC_MSGSEND</key>
				<string>YES</string>
				<key>GCC_C_LANGUAGE_STANDARD</key>
				<string>gnu99</string>
				<key>GCC_NO_COMMON_BLOCKS</key>
				<string>YES</string>
				<key>GCC_WARN_64_TO_32_BIT_CONVERSION</key>
				<string>YES</string>
				<key>GCC_WARN_ABOUT_RETURN_TYPE</key>
				<string>YES_ERROR</string>
				<key>GCC_WARN_UNDECLARED_SELECTOR</key>
				<string>YES</string>
				<key>GCC_WARN_UNINITIALIZED_AUTOS</key>
				<string>YES_AGGRESSIVE</string>
				<key>GCC_WARN_UNUSED_FUNCTION</key>
				<string>YES</string>
				<key>GCC_WARN_UNUSED_VARIABLE</key>
				<string>YES</string>
				<key>IPHONEOS_DEPLOYMENT_TARGET</key>
				<string>10.0</string>
				<key>MTL_ENABLE_DEBUG_INFO</key>
				<string>NO</string>
				<key>SDKROOT</key>
				<string>iphoneos</string>
				<key>SWIFT_OPTIMIZATION_LEVEL</key>
				<string>-Owholemodule</string>
				<key>VALIDATE_PRODUCT</key>
				<string>YES</string>
			</dict>
			<key>isa</key>
			<string>XCBuildConfiguration</string>
			<key>name</key>
			<string>Release</string>
		</dict>
		<key>07EBF2C51DC03EA300B8092A</key>
		<dict>
			<key>buildConfigurations</key>
			<array>
				<string>07EBF2C61DC03EA300B8092A</string>
				<string>07EBF2C71DC03EA300B8092A</string>
			</array>
			<key>defaultConfigurationIsVisible</key>
			<string>0</string>
			<key>defaultConfigurationName</key>
			<string>Release</string>
			<key>isa</key>
			<string>XCConfigurationList</string>
		</dict>
		<key>07EBF2C61DC03EA300B8092A</key>
		<dict>
			<key>baseConfigurationReference</key>
			<string>5E14A577BCE1865E3FFB57D6</string>
			<key>buildSettings</key>
			<dict>
				<key>ASSETCATALOG_COMPILER_APPICON_NAME</key>
				<string>AppIcon</string>
				<key>DEVELOPMENT_TEAM</key>
				<string>THP5EV5EJ9</string>
				<key>INFOPLIST_FILE</key>
				<string>ViewModelTestingDemo/Info.plist</string>
				<key>LD_RUNPATH_SEARCH_PATHS</key>
				<string>$(inherited) @executable_path/Frameworks</string>
				<key>PRODUCT_BUNDLE_IDENTIFIER</key>
				<string>weber.ViewModelTestingDemo</string>
				<key>PRODUCT_NAME</key>
				<string>$(TARGET_NAME)</string>
				<key>SWIFT_VERSION</key>
				<string>3.0</string>
			</dict>
			<key>isa</key>
			<string>XCBuildConfiguration</string>
			<key>name</key>
			<string>Debug</string>
		</dict>
		<key>07EBF2C71DC03EA300B8092A</key>
		<dict>
			<key>baseConfigurationReference</key>
			<string>2CDCE6AA27CA7879072BAFF8</string>
			<key>buildSettings</key>
			<dict>
				<key>ASSETCATALOG_COMPILER_APPICON_NAME</key>
				<string>AppIcon</string>
				<key>DEVELOPMENT_TEAM</key>
				<string>THP5EV5EJ9</string>
				<key>INFOPLIST_FILE</key>
				<string>ViewModelTestingDemo/Info.plist</string>
				<key>LD_RUNPATH_SEARCH_PATHS</key>
				<string>$(inherited) @executable_path/Frameworks</string>
				<key>PRODUCT_BUNDLE_IDENTIFIER</key>
				<string>weber.ViewModelTestingDemo</string>
				<key>PRODUCT_NAME</key>
				<string>$(TARGET_NAME)</string>
				<key>SWIFT_VERSION</key>
				<string>3.0</string>
			</dict>
			<key>isa</key>
			<string>XCBuildConfiguration</string>
			<key>name</key>
			<string>Release</string>
		</dict>
		<key>07EBF2C81DC03EA300B8092A</key>
		<dict>
			<key>buildConfigurations</key>
			<array>
				<string>07EBF2C91DC03EA300B8092A</string>
				<string>07EBF2CA1DC03EA300B8092A</string>
			</array>
			<key>defaultConfigurationIsVisible</key>
			<string>0</string>
			<key>defaultConfigurationName</key>
			<string>Release</string>
			<key>isa</key>
			<string>XCConfigurationList</string>
		</dict>
		<key>07EBF2C91DC03EA300B8092A</key>
		<dict>
			<key>buildSettings</key>
			<dict>
				<key>ALWAYS_EMBED_SWIFT_STANDARD_LIBRARIES</key>
				<string>YES</string>
				<key>BUNDLE_LOADER</key>
				<string>$(TEST_HOST)</string>
				<key>DEVELOPMENT_TEAM</key>
				<string>THP5EV5EJ9</string>
				<key>INFOPLIST_FILE</key>
				<string>ViewModelTestingDemoTests/Info.plist</string>
				<key>LD_RUNPATH_SEARCH_PATHS</key>
				<string>$(inherited) @executable_path/Frameworks @loader_path/Frameworks</string>
				<key>PRODUCT_BUNDLE_IDENTIFIER</key>
				<string>weber.ViewModelTestingDemoTests</string>
				<key>PRODUCT_NAME</key>
				<string>$(TARGET_NAME)</string>
				<key>SWIFT_VERSION</key>
				<string>3.0</string>
				<key>TEST_HOST</key>
				<string>$(BUILT_PRODUCTS_DIR)/ViewModelTestingDemo.app/ViewModelTestingDemo</string>
			</dict>
			<key>isa</key>
			<string>XCBuildConfiguration</string>
			<key>name</key>
			<string>Debug</string>
		</dict>
		<key>07EBF2CA1DC03EA300B8092A</key>
		<dict>
			<key>buildSettings</key>
			<dict>
				<key>ALWAYS_EMBED_SWIFT_STANDARD_LIBRARIES</key>
				<string>YES</string>
				<key>BUNDLE_LOADER</key>
				<string>$(TEST_HOST)</string>
				<key>DEVELOPMENT_TEAM</key>
				<string>THP5EV5EJ9</string>
				<key>INFOPLIST_FILE</key>
				<string>ViewModelTestingDemoTests/Info.plist</string>
				<key>LD_RUNPATH_SEARCH_PATHS</key>
				<string>$(inherited) @executable_path/Frameworks @loader_path/Frameworks</string>
				<key>PRODUCT_BUNDLE_IDENTIFIER</key>
				<string>weber.ViewModelTestingDemoTests</string>
				<key>PRODUCT_NAME</key>
				<string>$(TARGET_NAME)</string>
				<key>SWIFT_VERSION</key>
				<string>3.0</string>
				<key>TEST_HOST</key>
				<string>$(BUILT_PRODUCTS_DIR)/ViewModelTestingDemo.app/ViewModelTestingDemo</string>
			</dict>
			<key>isa</key>
			<string>XCBuildConfiguration</string>
			<key>name</key>
			<string>Release</string>
		</dict>
		<key>07EBF2CB1DC03EA300B8092A</key>
		<dict>
			<key>buildConfigurations</key>
			<array>
				<string>07EBF2CC1DC03EA300B8092A</string>
				<string>07EBF2CD1DC03EA300B8092A</string>
			</array>
			<key>defaultConfigurationIsVisible</key>
			<string>0</string>
			<key>defaultConfigurationName</key>
			<string>Release</string>
			<key>isa</key>
			<string>XCConfigurationList</string>
		</dict>
		<key>07EBF2CC1DC03EA300B8092A</key>
		<dict>
			<key>buildSettings</key>
			<dict>
				<key>ALWAYS_EMBED_SWIFT_STANDARD_LIBRARIES</key>
				<string>YES</string>
				<key>DEVELOPMENT_TEAM</key>
				<string>THP5EV5EJ9</string>
				<key>INFOPLIST_FILE</key>
				<string>ViewModelTestingDemoUITests/Info.plist</string>
				<key>LD_RUNPATH_SEARCH_PATHS</key>
				<string>$(inherited) @executable_path/Frameworks @loader_path/Frameworks</string>
				<key>PRODUCT_BUNDLE_IDENTIFIER</key>
				<string>weber.ViewModelTestingDemoUITests</string>
				<key>PRODUCT_NAME</key>
				<string>$(TARGET_NAME)</string>
				<key>SWIFT_VERSION</key>
				<string>3.0</string>
				<key>TEST_TARGET_NAME</key>
				<string>ViewModelTestingDemo</string>
			</dict>
			<key>isa</key>
			<string>XCBuildConfiguration</string>
			<key>name</key>
			<string>Debug</string>
		</dict>
		<key>07EBF2CD1DC03EA300B8092A</key>
		<dict>
			<key>buildSettings</key>
			<dict>
				<key>ALWAYS_EMBED_SWIFT_STANDARD_LIBRARIES</key>
				<string>YES</string>
				<key>DEVELOPMENT_TEAM</key>
				<string>THP5EV5EJ9</string>
				<key>INFOPLIST_FILE</key>
				<string>ViewModelTestingDemoUITests/Info.plist</string>
				<key>LD_RUNPATH_SEARCH_PATHS</key>
				<string>$(inherited) @executable_path/Frameworks @loader_path/Frameworks</string>
				<key>PRODUCT_BUNDLE_IDENTIFIER</key>
				<string>weber.ViewModelTestingDemoUITests</string>
				<key>PRODUCT_NAME</key>
				<string>$(TARGET_NAME)</string>
				<key>SWIFT_VERSION</key>
				<string>3.0</string>
				<key>TEST_TARGET_NAME</key>
				<string>ViewModelTestingDemo</string>
			</dict>
			<key>isa</key>
			<string>XCBuildConfiguration</string>
			<key>name</key>
			<string>Release</string>
		</dict>
		<key>07EBF2CE1DC03F0300B8092A</key>
		<dict>
			<key>fileEncoding</key>
			<string>4</string>
			<key>isa</key>
			<string>PBXFileReference</string>
			<key>lastKnownFileType</key>
			<string>sourcecode.swift</string>
			<key>path</key>
			<string>SearchViewController.swift</string>
			<key>sourceTree</key>
			<string>&lt;group&gt;</string>
		</dict>
		<key>07EBF2CF1DC03F0300B8092A</key>
		<dict>
			<key>fileRef</key>
			<string>07EBF2CE1DC03F0300B8092A</string>
			<key>isa</key>
			<string>PBXBuildFile</string>
		</dict>
		<key>1C9F3E532E00B711E7718594</key>
		<dict>
			<key>buildActionMask</key>
			<string>2147483647</string>
			<key>files</key>
			<array/>
			<key>inputPaths</key>
			<array/>
			<key>isa</key>
			<string>PBXShellScriptBuildPhase</string>
			<key>name</key>
			<string>[CP] Check Pods Manifest.lock</string>
			<key>outputPaths</key>
			<array/>
			<key>runOnlyForDeploymentPostprocessing</key>
			<string>0</string>
			<key>shellPath</key>
			<string>/bin/sh</string>
			<key>shellScript</key>
			<string>diff "${PODS_ROOT}/../Podfile.lock" "${PODS_ROOT}/Manifest.lock" &gt; /dev/null
if [[ $? != 0 ]] ; then
    cat &lt;&lt; EOM
error: The sandbox is not in sync with the Podfile.lock. Run 'pod install' or update your CocoaPods installation.
EOM
    exit 1
fi
</string>
			<key>showEnvVarsInLog</key>
			<string>0</string>
		</dict>
		<key>2CDCE6AA27CA7879072BAFF8</key>
		<dict>
			<key>includeInIndex</key>
			<string>1</string>
			<key>isa</key>
			<string>PBXFileReference</string>
			<key>lastKnownFileType</key>
			<string>text.xcconfig</string>
			<key>name</key>
			<string>Pods-ViewModelTestingDemo.release.xcconfig</string>
			<key>path</key>
			<string>Pods/Target Support Files/Pods-ViewModelTestingDemo/Pods-ViewModelTestingDemo.release.xcconfig</string>
			<key>sourceTree</key>
			<string>&lt;group&gt;</string>
		</dict>
		<key>404772DC7930743A0108FDF5</key>
		<dict>
			<key>fileRef</key>
			<string>4EDC6F7AA43DECC8FE3001F8</string>
			<key>isa</key>
			<string>PBXBuildFile</string>
		</dict>
		<key>4EDC6F7AA43DECC8FE3001F8</key>
		<dict>
			<key>explicitFileType</key>
			<string>wrapper.framework</string>
			<key>includeInIndex</key>
			<string>0</string>
			<key>isa</key>
			<string>PBXFileReference</string>
			<key>path</key>
			<string>Pods_ViewModelTestingDemo.framework</string>
			<key>sourceTree</key>
			<string>BUILT_PRODUCTS_DIR</string>
		</dict>
		<key>5E14A577BCE1865E3FFB57D6</key>
		<dict>
			<key>includeInIndex</key>
			<string>1</string>
			<key>isa</key>
			<string>PBXFileReference</string>
			<key>lastKnownFileType</key>
			<string>text.xcconfig</string>
			<key>name</key>
			<string>Pods-ViewModelTestingDemo.debug.xcconfig</string>
			<key>path</key>
			<string>Pods/Target Support Files/Pods-ViewModelTestingDemo/Pods-ViewModelTestingDemo.debug.xcconfig</string>
			<key>sourceTree</key>
			<string>&lt;group&gt;</string>
		</dict>
		<key>8B7B1694963F04704B3D775A</key>
		<dict>
			<key>children</key>
			<array>
				<string>4EDC6F7AA43DECC8FE3001F8</string>
			</array>
			<key>isa</key>
			<string>PBXGroup</string>
			<key>name</key>
			<string>Frameworks</string>
			<key>sourceTree</key>
			<string>&lt;group&gt;</string>
		</dict>
		<key>BBA67D5AD29D88D8BE31FE58</key>
		<dict>
			<key>children</key>
			<array>
				<string>5E14A577BCE1865E3FFB57D6</string>
				<string>2CDCE6AA27CA7879072BAFF8</string>
			</array>
			<key>isa</key>
			<string>PBXGroup</string>
			<key>name</key>
			<string>Pods</string>
			<key>sourceTree</key>
			<string>&lt;group&gt;</string>
		</dict>
		<key>BC2B24BB0007C9566C6A1310</key>
		<dict>
			<key>buildActionMask</key>
			<string>2147483647</string>
			<key>files</key>
			<array/>
			<key>inputPaths</key>
			<array/>
			<key>isa</key>
			<string>PBXShellScriptBuildPhase</string>
			<key>name</key>
			<string>[CP] Embed Pods Frameworks</string>
			<key>outputPaths</key>
			<array/>
			<key>runOnlyForDeploymentPostprocessing</key>
			<string>0</string>
			<key>shellPath</key>
			<string>/bin/sh</string>
			<key>shellScript</key>
			<string>"${SRCROOT}/Pods/Target Support Files/Pods-ViewModelTestingDemo/Pods-ViewModelTestingDemo-frameworks.sh"
</string>
			<key>showEnvVarsInLog</key>
			<string>0</string>
		</dict>
	</dict>
	<key>rootObject</key>
	<string>07EBF2951DC03EA300B8092A</string>
</dict>
</plist>
